
Microsoft Visual Studio Solution File, Format Version 12.00
# Visual Studio Version 16
VisualStudioVersion = 25.0.1700.0
MinimumVisualStudioVersion = 10.0.40219.1
Project("{FAE04EC0-301F-11D3-BF4B-00C04F79EFBC}") = "LibraryConsoleApp", "LibraryConsoleApp\LibraryConsoleApp.csproj", "{BB421F48-BFB1-418E-A8C1-61C9BC9B66EE}"
EndProject
Global
	GlobalSection(SolutionConfigurationPlatforms) = preSolution
		Debug|Any CPU = Debug|Any CPU
		Release|Any CPU = Release|Any CPU
	EndGlobalSection
	GlobalSection(ProjectConfigurationPlatforms) = postSolution
		{BB421F48-BFB1-418E-A8C1-61C9BC9B66EE}.Debug|Any CPU.ActiveCfg = Debug|Any CPU
		{BB421F48-BFB1-418E-A8C1-61C9BC9B66EE}.Debug|Any CPU.Build.0 = Debug|Any CPU
		{BB421F48-BFB1-418E-A8C1-61C9BC9B66EE}.Release|Any CPU.ActiveCfg = Release|Any CPU
		{BB421F48-BFB1-418E-A8C1-61C9BC9B66EE}.Release|Any CPU.Build.0 = Release|Any CPU
	EndGlobalSection
	GlobalSection(SolutionProperties) = preSolution
		HideSolutionNode = FALSE
	EndGlobalSection
	GlobalSection(ExtensibilityGlobals) = postSolution
		SolutionGuid = {B9EAF877-7081-4544-AAF0-014BC0E7DCA2}
	EndGlobalSection
EndGlobal
